
Microsoft Visual Studio Solution File, Format Version 12.00
# Visual Studio Version 17
VisualStudioVersion = 17.0.31903.59
MinimumVisualStudioVersion = 10.0.40219.1
Project("{FAE04EC0-301F-11D3-BF4B-00C04F79EFBC}") = "EventDbAccess", "EventDbAccess\EventDbAccess.csproj", "{BD9451AA-1519-4680-B287-C8120016835E}"
EndProject
Project("{FAE04EC0-301F-11D3-BF4B-00C04F79EFBC}") = "CreateTicketApi", "CreateTicketApi\CreateTicketApi.csproj", "{0D6763D7-06B3-4D51-8B95-9C29C087876F}"
EndProject
Global
	GlobalSection(SolutionConfigurationPlatforms) = preSolution
		Debug|Any CPU = Debug|Any CPU
		Release|Any CPU = Release|Any CPU
	EndGlobalSection
	GlobalSection(SolutionProperties) = preSolution
		HideSolutionNode = FALSE
	EndGlobalSection
	GlobalSection(ProjectConfigurationPlatforms) = postSolution
		{BD9451AA-1519-4680-B287-C8120016835E}.Debug|Any CPU.ActiveCfg = Debug|Any CPU
		{BD9451AA-1519-4680-B287-C8120016835E}.Debug|Any CPU.Build.0 = Debug|Any CPU
		{BD9451AA-1519-4680-B287-C8120016835E}.Release|Any CPU.ActiveCfg = Release|Any CPU
		{BD9451AA-1519-4680-B287-C8120016835E}.Release|Any CPU.Build.0 = Release|Any CPU
		{0D6763D7-06B3-4D51-8B95-9C29C087876F}.Debug|Any CPU.ActiveCfg = Debug|Any CPU
		{0D6763D7-06B3-4D51-8B95-9C29C087876F}.Debug|Any CPU.Build.0 = Debug|Any CPU
		{0D6763D7-06B3-4D51-8B95-9C29C087876F}.Release|Any CPU.ActiveCfg = Release|Any CPU
		{0D6763D7-06B3-4D51-8B95-9C29C087876F}.Release|Any CPU.Build.0 = Release|Any CPU
	EndGlobalSection
EndGlobal
